
Microsoft Visual Studio Solution File, Format Version 12.00
# Visual Studio 15
VisualStudioVersion = 15.0.27703.2047
MinimumVisualStudioVersion = 10.0.40219.1
Project("{FAE04EC0-301F-11D3-BF4B-00C04F79EFBC}") = "CustomDelegate", "CustomDelegate\CustomDelegate.csproj", "{4019EAC8-E06B-4B4A-8047-CF551E6EFE3A}"
EndProject
Project("{FAE04EC0-301F-11D3-BF4B-00C04F79EFBC}") = "DelegateDemo", "DelegateDemo\DelegateDemo.csproj", "{6EABAF81-961C-4677-A2BA-1B484F5E81FF}"
EndProject
Project("{FAE04EC0-301F-11D3-BF4B-00C04F79EFBC}") = "ActionDelegate", "ActionDelegate\ActionDelegate.csproj", "{B9CB8C87-BEE6-490D-9CF5-0FBE6EA0E80B}"
EndProject
Project("{FAE04EC0-301F-11D3-BF4B-00C04F79EFBC}") = "FuncDelegate", "FuncDelegate\FuncDelegate.csproj", "{CE841C8E-E14F-4188-A818-97F2521390EC}"
EndProject
Global
	GlobalSection(SolutionConfigurationPlatforms) = preSolution
		Debug|Any CPU = Debug|Any CPU
		Release|Any CPU = Release|Any CPU
	EndGlobalSection
	GlobalSection(ProjectConfigurationPlatforms) = postSolution
		{4019EAC8-E06B-4B4A-8047-CF551E6EFE3A}.Debug|Any CPU.ActiveCfg = Debug|Any CPU
		{4019EAC8-E06B-4B4A-8047-CF551E6EFE3A}.Debug|Any CPU.Build.0 = Debug|Any CPU
		{4019EAC8-E06B-4B4A-8047-CF551E6EFE3A}.Release|Any CPU.ActiveCfg = Release|Any CPU
		{4019EAC8-E06B-4B4A-8047-CF551E6EFE3A}.Release|Any CPU.Build.0 = Release|Any CPU
		{6EABAF81-961C-4677-A2BA-1B484F5E81FF}.Debug|Any CPU.ActiveCfg = Debug|Any CPU
		{6EABAF81-961C-4677-A2BA-1B484F5E81FF}.Debug|Any CPU.Build.0 = Debug|Any CPU
		{6EABAF81-961C-4677-A2BA-1B484F5E81FF}.Release|Any CPU.ActiveCfg = Release|Any CPU
		{6EABAF81-961C-4677-A2BA-1B484F5E81FF}.Release|Any CPU.Build.0 = Release|Any CPU
		{B9CB8C87-BEE6-490D-9CF5-0FBE6EA0E80B}.Debug|Any CPU.ActiveCfg = Debug|Any CPU
		{B9CB8C87-BEE6-490D-9CF5-0FBE6EA0E80B}.Debug|Any CPU.Build.0 = Debug|Any CPU
		{B9CB8C87-BEE6-490D-9CF5-0FBE6EA0E80B}.Release|Any CPU.ActiveCfg = Release|Any CPU
		{B9CB8C87-BEE6-490D-9CF5-0FBE6EA0E80B}.Release|Any CPU.Build.0 = Release|Any CPU
		{CE841C8E-E14F-4188-A818-97F2521390EC}.Debug|Any CPU.ActiveCfg = Debug|Any CPU
		{CE841C8E-E14F-4188-A818-97F2521390EC}.Debug|Any CPU.Build.0 = Debug|Any CPU
		{CE841C8E-E14F-4188-A818-97F2521390EC}.Release|Any CPU.ActiveCfg = Release|Any CPU
		{CE841C8E-E14F-4188-A818-97F2521390EC}.Release|Any CPU.Build.0 = Release|Any CPU
	EndGlobalSection
	GlobalSection(SolutionProperties) = preSolution
		HideSolutionNode = FALSE
	EndGlobalSection
	GlobalSection(ExtensibilityGlobals) = postSolution
		SolutionGuid = {787DE48B-6802-4FE2-B6B2-4BA3903658D6}
	EndGlobalSection
EndGlobal
